
Microsoft Visual Studio Solution File, Format Version 12.00
# Visual Studio Version 17
VisualStudioVersion = 17.4.33110.190
MinimumVisualStudioVersion = 10.0.40219.1
Project("{FAE04EC0-301F-11D3-BF4B-00C04F79EFBC}") = "268. Missing Number", "268. Missing Number\268. Missing Number.csproj", "{3168D4C2-7EBD-4FDC-AE4B-CA5B50D32631}"
EndProject
Global
	GlobalSection(SolutionConfigurationPlatforms) = preSolution
		Debug|Any CPU = Debug|Any CPU
		Release|Any CPU = Release|Any CPU
	EndGlobalSection
	GlobalSection(ProjectConfigurationPlatforms) = postSolution
		{3168D4C2-7EBD-4FDC-AE4B-CA5B50D32631}.Debug|Any CPU.ActiveCfg = Debug|Any CPU
		{3168D4C2-7EBD-4FDC-AE4B-CA5B50D32631}.Debug|Any CPU.Build.0 = Debug|Any CPU
		{3168D4C2-7EBD-4FDC-AE4B-CA5B50D32631}.Release|Any CPU.ActiveCfg = Release|Any CPU
		{3168D4C2-7EBD-4FDC-AE4B-CA5B50D32631}.Release|Any CPU.Build.0 = Release|Any CPU
	EndGlobalSection
	GlobalSection(SolutionProperties) = preSolution
		HideSolutionNode = FALSE
	EndGlobalSection
	GlobalSection(ExtensibilityGlobals) = postSolution
		SolutionGuid = {FC136A35-B961-446F-8DF1-02B07AD86C04}
	EndGlobalSection
EndGlobal
