
Microsoft Visual Studio Solution File, Format Version 12.00
# Visual Studio Version 17
VisualStudioVersion = 17.4.33110.190
MinimumVisualStudioVersion = 10.0.40219.1
Project("{FAE04EC0-301F-11D3-BF4B-00C04F79EFBC}") = "LengthOfLongestSubstring", "LengthOfLongestSubstring\LengthOfLongestSubstring.csproj", "{5B12FD70-3F42-453C-BFF0-6AE5FCC7BDF4}"
EndProject
Project("{FAE04EC0-301F-11D3-BF4B-00C04F79EFBC}") = "LengthOfLongestSubstring2", "LengthOfLongestSubstring2\LengthOfLongestSubstring2.csproj", "{2C7F5C34-9CE2-441A-AF70-BCBC33D20E86}"
EndProject
Global
	GlobalSection(SolutionConfigurationPlatforms) = preSolution
		Debug|Any CPU = Debug|Any CPU
		Release|Any CPU = Release|Any CPU
	EndGlobalSection
	GlobalSection(ProjectConfigurationPlatforms) = postSolution
		{5B12FD70-3F42-453C-BFF0-6AE5FCC7BDF4}.Debug|Any CPU.ActiveCfg = Debug|Any CPU
		{5B12FD70-3F42-453C-BFF0-6AE5FCC7BDF4}.Debug|Any CPU.Build.0 = Debug|Any CPU
		{5B12FD70-3F42-453C-BFF0-6AE5FCC7BDF4}.Release|Any CPU.ActiveCfg = Release|Any CPU
		{5B12FD70-3F42-453C-BFF0-6AE5FCC7BDF4}.Release|Any CPU.Build.0 = Release|Any CPU
		{2C7F5C34-9CE2-441A-AF70-BCBC33D20E86}.Debug|Any CPU.ActiveCfg = Debug|Any CPU
		{2C7F5C34-9CE2-441A-AF70-BCBC33D20E86}.Debug|Any CPU.Build.0 = Debug|Any CPU
		{2C7F5C34-9CE2-441A-AF70-BCBC33D20E86}.Release|Any CPU.ActiveCfg = Release|Any CPU
		{2C7F5C34-9CE2-441A-AF70-BCBC33D20E86}.Release|Any CPU.Build.0 = Release|Any CPU
	EndGlobalSection
	GlobalSection(SolutionProperties) = preSolution
		HideSolutionNode = FALSE
	EndGlobalSection
	GlobalSection(ExtensibilityGlobals) = postSolution
		SolutionGuid = {C2E6F502-B857-47E7-98EF-CE0A9879D3DC}
	EndGlobalSection
EndGlobal
