
Microsoft Visual Studio Solution File, Format Version 12.00
# Visual Studio Version 17
VisualStudioVersion = 17.4.33110.190
MinimumVisualStudioVersion = 10.0.40219.1
Project("{FAE04EC0-301F-11D3-BF4B-00C04F79EFBC}") = "CharacterReplacement", "CharacterReplacement\CharacterReplacement.csproj", "{86CEE42D-F75A-4AAA-ADC1-D6493A092F0F}"
EndProject
Project("{FAE04EC0-301F-11D3-BF4B-00C04F79EFBC}") = "CharacterReplacement2", "CharacterReplacement2\CharacterReplacement2.csproj", "{3FB5FC9A-A9D4-4F96-962E-502819851D7C}"
EndProject
Global
	GlobalSection(SolutionConfigurationPlatforms) = preSolution
		Debug|Any CPU = Debug|Any CPU
		Release|Any CPU = Release|Any CPU
	EndGlobalSection
	GlobalSection(ProjectConfigurationPlatforms) = postSolution
		{86CEE42D-F75A-4AAA-ADC1-D6493A092F0F}.Debug|Any CPU.ActiveCfg = Debug|Any CPU
		{86CEE42D-F75A-4AAA-ADC1-D6493A092F0F}.Debug|Any CPU.Build.0 = Debug|Any CPU
		{86CEE42D-F75A-4AAA-ADC1-D6493A092F0F}.Release|Any CPU.ActiveCfg = Release|Any CPU
		{86CEE42D-F75A-4AAA-ADC1-D6493A092F0F}.Release|Any CPU.Build.0 = Release|Any CPU
		{3FB5FC9A-A9D4-4F96-962E-502819851D7C}.Debug|Any CPU.ActiveCfg = Debug|Any CPU
		{3FB5FC9A-A9D4-4F96-962E-502819851D7C}.Debug|Any CPU.Build.0 = Debug|Any CPU
		{3FB5FC9A-A9D4-4F96-962E-502819851D7C}.Release|Any CPU.ActiveCfg = Release|Any CPU
		{3FB5FC9A-A9D4-4F96-962E-502819851D7C}.Release|Any CPU.Build.0 = Release|Any CPU
	EndGlobalSection
	GlobalSection(SolutionProperties) = preSolution
		HideSolutionNode = FALSE
	EndGlobalSection
	GlobalSection(ExtensibilityGlobals) = postSolution
		SolutionGuid = {5D202128-5126-44BA-B96C-482880D6DD6A}
	EndGlobalSection
EndGlobal
