
Microsoft Visual Studio Solution File, Format Version 12.00
# Visual Studio Version 17
VisualStudioVersion = 17.4.33110.190
MinimumVisualStudioVersion = 10.0.40219.1
Project("{FAE04EC0-301F-11D3-BF4B-00C04F79EFBC}") = "ReorderList", "ReorderList\ReorderList.csproj", "{6F34F54A-51EE-48DA-9852-19E3F4684957}"
EndProject
Global
	GlobalSection(SolutionConfigurationPlatforms) = preSolution
		Debug|Any CPU = Debug|Any CPU
		Release|Any CPU = Release|Any CPU
	EndGlobalSection
	GlobalSection(ProjectConfigurationPlatforms) = postSolution
		{6F34F54A-51EE-48DA-9852-19E3F4684957}.Debug|Any CPU.ActiveCfg = Debug|Any CPU
		{6F34F54A-51EE-48DA-9852-19E3F4684957}.Debug|Any CPU.Build.0 = Debug|Any CPU
		{6F34F54A-51EE-48DA-9852-19E3F4684957}.Release|Any CPU.ActiveCfg = Release|Any CPU
		{6F34F54A-51EE-48DA-9852-19E3F4684957}.Release|Any CPU.Build.0 = Release|Any CPU
	EndGlobalSection
	GlobalSection(SolutionProperties) = preSolution
		HideSolutionNode = FALSE
	EndGlobalSection
	GlobalSection(ExtensibilityGlobals) = postSolution
		SolutionGuid = {56AAA259-C64E-4D8F-BDEF-81FA75454E8F}
	EndGlobalSection
EndGlobal
