
Microsoft Visual Studio Solution File, Format Version 12.00
# Visual Studio Version 17
VisualStudioVersion = 17.4.33110.190
MinimumVisualStudioVersion = 10.0.40219.1
Project("{FAE04EC0-301F-11D3-BF4B-00C04F79EFBC}") = "GroupAnagrams", "GroupAnagrams\GroupAnagrams.csproj", "{0E2024BB-FB75-43F9-BCAC-54500384F6DB}"
EndProject
Global
	GlobalSection(SolutionConfigurationPlatforms) = preSolution
		Debug|Any CPU = Debug|Any CPU
		Release|Any CPU = Release|Any CPU
	EndGlobalSection
	GlobalSection(ProjectConfigurationPlatforms) = postSolution
		{0E2024BB-FB75-43F9-BCAC-54500384F6DB}.Debug|Any CPU.ActiveCfg = Debug|Any CPU
		{0E2024BB-FB75-43F9-BCAC-54500384F6DB}.Debug|Any CPU.Build.0 = Debug|Any CPU
		{0E2024BB-FB75-43F9-BCAC-54500384F6DB}.Release|Any CPU.ActiveCfg = Release|Any CPU
		{0E2024BB-FB75-43F9-BCAC-54500384F6DB}.Release|Any CPU.Build.0 = Release|Any CPU
	EndGlobalSection
	GlobalSection(SolutionProperties) = preSolution
		HideSolutionNode = FALSE
	EndGlobalSection
	GlobalSection(ExtensibilityGlobals) = postSolution
		SolutionGuid = {AD50AD59-F782-4515-A3FE-1F7A2AD20D3E}
	EndGlobalSection
EndGlobal
