
Microsoft Visual Studio Solution File, Format Version 12.00
# Visual Studio Version 17
VisualStudioVersion = 17.4.33110.190
MinimumVisualStudioVersion = 10.0.40219.1
Project("{FAE04EC0-301F-11D3-BF4B-00C04F79EFBC}") = "ReorderList", "ReorderList\ReorderList.csproj", "{923D633C-B277-4DE5-A3D0-E2CF759E7FEF}"
EndProject
Global
	GlobalSection(SolutionConfigurationPlatforms) = preSolution
		Debug|Any CPU = Debug|Any CPU
		Release|Any CPU = Release|Any CPU
	EndGlobalSection
	GlobalSection(ProjectConfigurationPlatforms) = postSolution
		{923D633C-B277-4DE5-A3D0-E2CF759E7FEF}.Debug|Any CPU.ActiveCfg = Debug|Any CPU
		{923D633C-B277-4DE5-A3D0-E2CF759E7FEF}.Debug|Any CPU.Build.0 = Debug|Any CPU
		{923D633C-B277-4DE5-A3D0-E2CF759E7FEF}.Release|Any CPU.ActiveCfg = Release|Any CPU
		{923D633C-B277-4DE5-A3D0-E2CF759E7FEF}.Release|Any CPU.Build.0 = Release|Any CPU
	EndGlobalSection
	GlobalSection(SolutionProperties) = preSolution
		HideSolutionNode = FALSE
	EndGlobalSection
	GlobalSection(ExtensibilityGlobals) = postSolution
		SolutionGuid = {0FEEF790-C291-4D3A-B5D0-43819E94CE3B}
	EndGlobalSection
EndGlobal
