
Microsoft Visual Studio Solution File, Format Version 12.00
# Visual Studio Version 17
VisualStudioVersion = 17.4.33110.190
MinimumVisualStudioVersion = 10.0.40219.1
Project("{FAE04EC0-301F-11D3-BF4B-00C04F79EFBC}") = "RemoveNthNodeFromEndofList", "RemoveNthNodeFromEndofList\RemoveNthNodeFromEndofList.csproj", "{C175735D-BA5F-48D8-A948-4D8A288278AF}"
EndProject
Global
	GlobalSection(SolutionConfigurationPlatforms) = preSolution
		Debug|Any CPU = Debug|Any CPU
		Release|Any CPU = Release|Any CPU
	EndGlobalSection
	GlobalSection(ProjectConfigurationPlatforms) = postSolution
		{C175735D-BA5F-48D8-A948-4D8A288278AF}.Debug|Any CPU.ActiveCfg = Debug|Any CPU
		{C175735D-BA5F-48D8-A948-4D8A288278AF}.Debug|Any CPU.Build.0 = Debug|Any CPU
		{C175735D-BA5F-48D8-A948-4D8A288278AF}.Release|Any CPU.ActiveCfg = Release|Any CPU
		{C175735D-BA5F-48D8-A948-4D8A288278AF}.Release|Any CPU.Build.0 = Release|Any CPU
	EndGlobalSection
	GlobalSection(SolutionProperties) = preSolution
		HideSolutionNode = FALSE
	EndGlobalSection
	GlobalSection(ExtensibilityGlobals) = postSolution
		SolutionGuid = {36068A3B-D25B-4A0A-ACEE-B4354FE54577}
	EndGlobalSection
EndGlobal
