
Microsoft Visual Studio Solution File, Format Version 12.00
# Visual Studio Version 17
VisualStudioVersion = 17.4.33110.190
MinimumVisualStudioVersion = 10.0.40219.1
Project("{FAE04EC0-301F-11D3-BF4B-00C04F79EFBC}") = "MinimumWindowSubstring", "MinimumWindowSubstring\MinimumWindowSubstring.csproj", "{C2382B34-55F8-42B3-85CF-94BDC2FDE5B4}"
EndProject
Project("{FAE04EC0-301F-11D3-BF4B-00C04F79EFBC}") = "MinimumWindowSubstring2", "MinimumWindowSubstring2\MinimumWindowSubstring2.csproj", "{F8495780-F0AF-4502-A8E8-2FF6246DBD22}"
EndProject
Global
	GlobalSection(SolutionConfigurationPlatforms) = preSolution
		Debug|Any CPU = Debug|Any CPU
		Release|Any CPU = Release|Any CPU
	EndGlobalSection
	GlobalSection(ProjectConfigurationPlatforms) = postSolution
		{C2382B34-55F8-42B3-85CF-94BDC2FDE5B4}.Debug|Any CPU.ActiveCfg = Debug|Any CPU
		{C2382B34-55F8-42B3-85CF-94BDC2FDE5B4}.Debug|Any CPU.Build.0 = Debug|Any CPU
		{C2382B34-55F8-42B3-85CF-94BDC2FDE5B4}.Release|Any CPU.ActiveCfg = Release|Any CPU
		{C2382B34-55F8-42B3-85CF-94BDC2FDE5B4}.Release|Any CPU.Build.0 = Release|Any CPU
		{F8495780-F0AF-4502-A8E8-2FF6246DBD22}.Debug|Any CPU.ActiveCfg = Debug|Any CPU
		{F8495780-F0AF-4502-A8E8-2FF6246DBD22}.Debug|Any CPU.Build.0 = Debug|Any CPU
		{F8495780-F0AF-4502-A8E8-2FF6246DBD22}.Release|Any CPU.ActiveCfg = Release|Any CPU
		{F8495780-F0AF-4502-A8E8-2FF6246DBD22}.Release|Any CPU.Build.0 = Release|Any CPU
	EndGlobalSection
	GlobalSection(SolutionProperties) = preSolution
		HideSolutionNode = FALSE
	EndGlobalSection
	GlobalSection(ExtensibilityGlobals) = postSolution
		SolutionGuid = {CAE4B027-374D-4523-940A-056ABBB1AFB6}
	EndGlobalSection
EndGlobal
