
Microsoft Visual Studio Solution File, Format Version 12.00
# Visual Studio Version 17
VisualStudioVersion = 17.4.33110.190
MinimumVisualStudioVersion = 10.0.40219.1
Project("{FAE04EC0-301F-11D3-BF4B-00C04F79EFBC}") = "338. Counting Bits", "338. Counting Bits\338. Counting Bits.csproj", "{594F4474-94DF-41A7-9E71-1ED28D28A2A4}"
EndProject
Global
	GlobalSection(SolutionConfigurationPlatforms) = preSolution
		Debug|Any CPU = Debug|Any CPU
		Release|Any CPU = Release|Any CPU
	EndGlobalSection
	GlobalSection(ProjectConfigurationPlatforms) = postSolution
		{594F4474-94DF-41A7-9E71-1ED28D28A2A4}.Debug|Any CPU.ActiveCfg = Debug|Any CPU
		{594F4474-94DF-41A7-9E71-1ED28D28A2A4}.Debug|Any CPU.Build.0 = Debug|Any CPU
		{594F4474-94DF-41A7-9E71-1ED28D28A2A4}.Release|Any CPU.ActiveCfg = Release|Any CPU
		{594F4474-94DF-41A7-9E71-1ED28D28A2A4}.Release|Any CPU.Build.0 = Release|Any CPU
	EndGlobalSection
	GlobalSection(SolutionProperties) = preSolution
		HideSolutionNode = FALSE
	EndGlobalSection
	GlobalSection(ExtensibilityGlobals) = postSolution
		SolutionGuid = {18B03163-12EC-4C1D-9D30-93EAF514A0F9}
	EndGlobalSection
EndGlobal
