
Microsoft Visual Studio Solution File, Format Version 12.00
# Visual Studio Version 17
VisualStudioVersion = 17.4.33110.190
MinimumVisualStudioVersion = 10.0.40219.1
Project("{FAE04EC0-301F-11D3-BF4B-00C04F79EFBC}") = "617. Merge Two Binary Trees", "617. Merge Two Binary Trees\617. Merge Two Binary Trees.csproj", "{07CF785C-EAE0-41BA-A34A-445D6E13BD73}"
EndProject
Global
	GlobalSection(SolutionConfigurationPlatforms) = preSolution
		Debug|Any CPU = Debug|Any CPU
		Release|Any CPU = Release|Any CPU
	EndGlobalSection
	GlobalSection(ProjectConfigurationPlatforms) = postSolution
		{07CF785C-EAE0-41BA-A34A-445D6E13BD73}.Debug|Any CPU.ActiveCfg = Debug|Any CPU
		{07CF785C-EAE0-41BA-A34A-445D6E13BD73}.Debug|Any CPU.Build.0 = Debug|Any CPU
		{07CF785C-EAE0-41BA-A34A-445D6E13BD73}.Release|Any CPU.ActiveCfg = Release|Any CPU
		{07CF785C-EAE0-41BA-A34A-445D6E13BD73}.Release|Any CPU.Build.0 = Release|Any CPU
	EndGlobalSection
	GlobalSection(SolutionProperties) = preSolution
		HideSolutionNode = FALSE
	EndGlobalSection
	GlobalSection(ExtensibilityGlobals) = postSolution
		SolutionGuid = {B8EA322A-6025-4F92-8C7A-CE337BEE7896}
	EndGlobalSection
EndGlobal
