
Microsoft Visual Studio Solution File, Format Version 12.00
# Visual Studio Version 17
VisualStudioVersion = 17.4.33110.190
MinimumVisualStudioVersion = 10.0.40219.1
Project("{FAE04EC0-301F-11D3-BF4B-00C04F79EFBC}") = "98. Validate Binary Search Tree", "98. Validate Binary Search Tree\98. Validate Binary Search Tree.csproj", "{49BB3E31-0675-4095-898C-95C19F6FAD09}"
EndProject
Global
	GlobalSection(SolutionConfigurationPlatforms) = preSolution
		Debug|Any CPU = Debug|Any CPU
		Release|Any CPU = Release|Any CPU
	EndGlobalSection
	GlobalSection(ProjectConfigurationPlatforms) = postSolution
		{49BB3E31-0675-4095-898C-95C19F6FAD09}.Debug|Any CPU.ActiveCfg = Debug|Any CPU
		{49BB3E31-0675-4095-898C-95C19F6FAD09}.Debug|Any CPU.Build.0 = Debug|Any CPU
		{49BB3E31-0675-4095-898C-95C19F6FAD09}.Release|Any CPU.ActiveCfg = Release|Any CPU
		{49BB3E31-0675-4095-898C-95C19F6FAD09}.Release|Any CPU.Build.0 = Release|Any CPU
	EndGlobalSection
	GlobalSection(SolutionProperties) = preSolution
		HideSolutionNode = FALSE
	EndGlobalSection
	GlobalSection(ExtensibilityGlobals) = postSolution
		SolutionGuid = {51A06E59-48CB-4644-A17B-C54AB7672AB8}
	EndGlobalSection
EndGlobal
