
Microsoft Visual Studio Solution File, Format Version 12.00
# Visual Studio Version 17
VisualStudioVersion = 17.4.33110.190
MinimumVisualStudioVersion = 10.0.40219.1
Project("{FAE04EC0-301F-11D3-BF4B-00C04F79EFBC}") = "226. Invert Binary Tree", "226. Invert Binary Tree\226. Invert Binary Tree.csproj", "{BBB96D4A-E998-43B0-A4F5-191898A8DAA1}"
EndProject
Global
	GlobalSection(SolutionConfigurationPlatforms) = preSolution
		Debug|Any CPU = Debug|Any CPU
		Release|Any CPU = Release|Any CPU
	EndGlobalSection
	GlobalSection(ProjectConfigurationPlatforms) = postSolution
		{BBB96D4A-E998-43B0-A4F5-191898A8DAA1}.Debug|Any CPU.ActiveCfg = Debug|Any CPU
		{BBB96D4A-E998-43B0-A4F5-191898A8DAA1}.Debug|Any CPU.Build.0 = Debug|Any CPU
		{BBB96D4A-E998-43B0-A4F5-191898A8DAA1}.Release|Any CPU.ActiveCfg = Release|Any CPU
		{BBB96D4A-E998-43B0-A4F5-191898A8DAA1}.Release|Any CPU.Build.0 = Release|Any CPU
	EndGlobalSection
	GlobalSection(SolutionProperties) = preSolution
		HideSolutionNode = FALSE
	EndGlobalSection
	GlobalSection(ExtensibilityGlobals) = postSolution
		SolutionGuid = {551565C7-2A1D-44E7-BD11-DDB05FE68CF2}
	EndGlobalSection
EndGlobal
