
Microsoft Visual Studio Solution File, Format Version 12.00
# Visual Studio Version 17
VisualStudioVersion = 17.4.33110.190
MinimumVisualStudioVersion = 10.0.40219.1
Project("{FAE04EC0-301F-11D3-BF4B-00C04F79EFBC}") = "ReverseLinkedList", "ReverseLinkedList\ReverseLinkedList.csproj", "{BE113B05-53A1-4A64-9055-B303C8D37F6D}"
EndProject
Global
	GlobalSection(SolutionConfigurationPlatforms) = preSolution
		Debug|Any CPU = Debug|Any CPU
		Release|Any CPU = Release|Any CPU
	EndGlobalSection
	GlobalSection(ProjectConfigurationPlatforms) = postSolution
		{BE113B05-53A1-4A64-9055-B303C8D37F6D}.Debug|Any CPU.ActiveCfg = Debug|Any CPU
		{BE113B05-53A1-4A64-9055-B303C8D37F6D}.Debug|Any CPU.Build.0 = Debug|Any CPU
		{BE113B05-53A1-4A64-9055-B303C8D37F6D}.Release|Any CPU.ActiveCfg = Release|Any CPU
		{BE113B05-53A1-4A64-9055-B303C8D37F6D}.Release|Any CPU.Build.0 = Release|Any CPU
	EndGlobalSection
	GlobalSection(SolutionProperties) = preSolution
		HideSolutionNode = FALSE
	EndGlobalSection
	GlobalSection(ExtensibilityGlobals) = postSolution
		SolutionGuid = {9F2AB0FF-EEAD-4DE9-99B8-68E79B08A097}
	EndGlobalSection
EndGlobal
