
Microsoft Visual Studio Solution File, Format Version 12.00
# Visual Studio Version 17
VisualStudioVersion = 17.4.33110.190
MinimumVisualStudioVersion = 10.0.40219.1
Project("{FAE04EC0-301F-11D3-BF4B-00C04F79EFBC}") = "PalindromicSubstrings", "PalindromicSubstrings\PalindromicSubstrings.csproj", "{F119B77A-BCEE-4570-B9E3-F9623B783335}"
EndProject
Global
	GlobalSection(SolutionConfigurationPlatforms) = preSolution
		Debug|Any CPU = Debug|Any CPU
		Release|Any CPU = Release|Any CPU
	EndGlobalSection
	GlobalSection(ProjectConfigurationPlatforms) = postSolution
		{F119B77A-BCEE-4570-B9E3-F9623B783335}.Debug|Any CPU.ActiveCfg = Debug|Any CPU
		{F119B77A-BCEE-4570-B9E3-F9623B783335}.Debug|Any CPU.Build.0 = Debug|Any CPU
		{F119B77A-BCEE-4570-B9E3-F9623B783335}.Release|Any CPU.ActiveCfg = Release|Any CPU
		{F119B77A-BCEE-4570-B9E3-F9623B783335}.Release|Any CPU.Build.0 = Release|Any CPU
	EndGlobalSection
	GlobalSection(SolutionProperties) = preSolution
		HideSolutionNode = FALSE
	EndGlobalSection
	GlobalSection(ExtensibilityGlobals) = postSolution
		SolutionGuid = {7240BF71-BC3C-4052-96E5-78A57ADA57C0}
	EndGlobalSection
EndGlobal
