
Microsoft Visual Studio Solution File, Format Version 12.00
# Visual Studio Version 17
VisualStudioVersion = 17.4.33110.190
MinimumVisualStudioVersion = 10.0.40219.1
Project("{FAE04EC0-301F-11D3-BF4B-00C04F79EFBC}") = "230. Kth Smallest Element in a BST", "230. Kth Smallest Element in a BST\230. Kth Smallest Element in a BST.csproj", "{4EB0017B-F91D-4837-9DBF-3D03EB826DD4}"
EndProject
Global
	GlobalSection(SolutionConfigurationPlatforms) = preSolution
		Debug|Any CPU = Debug|Any CPU
		Release|Any CPU = Release|Any CPU
	EndGlobalSection
	GlobalSection(ProjectConfigurationPlatforms) = postSolution
		{4EB0017B-F91D-4837-9DBF-3D03EB826DD4}.Debug|Any CPU.ActiveCfg = Debug|Any CPU
		{4EB0017B-F91D-4837-9DBF-3D03EB826DD4}.Debug|Any CPU.Build.0 = Debug|Any CPU
		{4EB0017B-F91D-4837-9DBF-3D03EB826DD4}.Release|Any CPU.ActiveCfg = Release|Any CPU
		{4EB0017B-F91D-4837-9DBF-3D03EB826DD4}.Release|Any CPU.Build.0 = Release|Any CPU
	EndGlobalSection
	GlobalSection(SolutionProperties) = preSolution
		HideSolutionNode = FALSE
	EndGlobalSection
	GlobalSection(ExtensibilityGlobals) = postSolution
		SolutionGuid = {BCB42241-B30A-42A5-AAC5-3AAECF245400}
	EndGlobalSection
EndGlobal
