
Microsoft Visual Studio Solution File, Format Version 12.00
# Visual Studio Version 17
VisualStudioVersion = 17.4.33110.190
MinimumVisualStudioVersion = 10.0.40219.1
Project("{FAE04EC0-301F-11D3-BF4B-00C04F79EFBC}") = "671. Second Minimum Node In a Binary Tree", "671. Second Minimum Node In a Binary Tree\671. Second Minimum Node In a Binary Tree.csproj", "{D6DC9FFF-1827-46F2-97C7-0862AF89EF7A}"
EndProject
Global
	GlobalSection(SolutionConfigurationPlatforms) = preSolution
		Debug|Any CPU = Debug|Any CPU
		Release|Any CPU = Release|Any CPU
	EndGlobalSection
	GlobalSection(ProjectConfigurationPlatforms) = postSolution
		{D6DC9FFF-1827-46F2-97C7-0862AF89EF7A}.Debug|Any CPU.ActiveCfg = Debug|Any CPU
		{D6DC9FFF-1827-46F2-97C7-0862AF89EF7A}.Debug|Any CPU.Build.0 = Debug|Any CPU
		{D6DC9FFF-1827-46F2-97C7-0862AF89EF7A}.Release|Any CPU.ActiveCfg = Release|Any CPU
		{D6DC9FFF-1827-46F2-97C7-0862AF89EF7A}.Release|Any CPU.Build.0 = Release|Any CPU
	EndGlobalSection
	GlobalSection(SolutionProperties) = preSolution
		HideSolutionNode = FALSE
	EndGlobalSection
	GlobalSection(ExtensibilityGlobals) = postSolution
		SolutionGuid = {440B2820-5398-46CA-B8FD-5E99910B4AFF}
	EndGlobalSection
EndGlobal
