
Microsoft Visual Studio Solution File, Format Version 12.00
# Visual Studio Version 17
VisualStudioVersion = 17.4.33110.190
MinimumVisualStudioVersion = 10.0.40219.1
Project("{FAE04EC0-301F-11D3-BF4B-00C04F79EFBC}") = "ValidPalindrome", "ValidPalindrome\ValidPalindrome.csproj", "{C4BCFA1D-957C-46DE-A24C-506EF09C3892}"
EndProject
Project("{FAE04EC0-301F-11D3-BF4B-00C04F79EFBC}") = "LongestPalindrome", "LongestPalindrome\LongestPalindrome.csproj", "{C681CC50-6014-4CC8-9726-B7408AA82BB3}"
EndProject
Global
	GlobalSection(SolutionConfigurationPlatforms) = preSolution
		Debug|Any CPU = Debug|Any CPU
		Release|Any CPU = Release|Any CPU
	EndGlobalSection
	GlobalSection(ProjectConfigurationPlatforms) = postSolution
		{C4BCFA1D-957C-46DE-A24C-506EF09C3892}.Debug|Any CPU.ActiveCfg = Debug|Any CPU
		{C4BCFA1D-957C-46DE-A24C-506EF09C3892}.Debug|Any CPU.Build.0 = Debug|Any CPU
		{C4BCFA1D-957C-46DE-A24C-506EF09C3892}.Release|Any CPU.ActiveCfg = Release|Any CPU
		{C4BCFA1D-957C-46DE-A24C-506EF09C3892}.Release|Any CPU.Build.0 = Release|Any CPU
		{C681CC50-6014-4CC8-9726-B7408AA82BB3}.Debug|Any CPU.ActiveCfg = Debug|Any CPU
		{C681CC50-6014-4CC8-9726-B7408AA82BB3}.Debug|Any CPU.Build.0 = Debug|Any CPU
		{C681CC50-6014-4CC8-9726-B7408AA82BB3}.Release|Any CPU.ActiveCfg = Release|Any CPU
		{C681CC50-6014-4CC8-9726-B7408AA82BB3}.Release|Any CPU.Build.0 = Release|Any CPU
	EndGlobalSection
	GlobalSection(SolutionProperties) = preSolution
		HideSolutionNode = FALSE
	EndGlobalSection
	GlobalSection(ExtensibilityGlobals) = postSolution
		SolutionGuid = {158ACD4D-CCC3-4E9B-BAB9-32644EED8A50}
	EndGlobalSection
EndGlobal
