
Microsoft Visual Studio Solution File, Format Version 12.00
# Visual Studio Version 17
VisualStudioVersion = 17.4.33110.190
MinimumVisualStudioVersion = 10.0.40219.1
Project("{FAE04EC0-301F-11D3-BF4B-00C04F79EFBC}") = "BackspaceStringCompare", "BackspaceStringCompare\BackspaceStringCompare.csproj", "{D768C285-372C-4841-B2F7-D4E851557D2E}"
EndProject
Global
	GlobalSection(SolutionConfigurationPlatforms) = preSolution
		Debug|Any CPU = Debug|Any CPU
		Release|Any CPU = Release|Any CPU
	EndGlobalSection
	GlobalSection(ProjectConfigurationPlatforms) = postSolution
		{D768C285-372C-4841-B2F7-D4E851557D2E}.Debug|Any CPU.ActiveCfg = Debug|Any CPU
		{D768C285-372C-4841-B2F7-D4E851557D2E}.Debug|Any CPU.Build.0 = Debug|Any CPU
		{D768C285-372C-4841-B2F7-D4E851557D2E}.Release|Any CPU.ActiveCfg = Release|Any CPU
		{D768C285-372C-4841-B2F7-D4E851557D2E}.Release|Any CPU.Build.0 = Release|Any CPU
	EndGlobalSection
	GlobalSection(SolutionProperties) = preSolution
		HideSolutionNode = FALSE
	EndGlobalSection
	GlobalSection(ExtensibilityGlobals) = postSolution
		SolutionGuid = {469C9106-CA20-4D3F-A9EA-48E88BC08E5D}
	EndGlobalSection
EndGlobal
